{
  "nodes": {
    "core": {
      "flake": false,
      "locked": {
        "lastModified": 1730964558,
        "narHash": "sha256-VOAVR7HETrYPhQ4yLhfGeiWOIQWnhKmOgQPVzD6+E0s=",
        "owner": "moonbitlang",
        "repo": "core",
        "rev": "a7a5ec09566c35ad7f32c1e509b88a8008afbfce",
        "type": "github"
      },
      "original": {
        "owner": "moonbitlang",
        "repo": "core",
        "type": "github"
      }
    },
    "nixpkgs": {
      "locked": {
        "lastModified": 1721622093,
        "narHash": "sha256-iQ+quy3A1EKeFyLyAtjhgSvZHH7r+xybXZkxMhasN4I=",
        "owner": "NixOS",
        "repo": "nixpkgs",
        "rev": "453402b94f39f968a7c27df28e060f69e4a50c3b",
        "type": "github"
      },
      "original": {
        "owner": "NixOS",
        "ref": "nixpkgs-unstable",
        "repo": "nixpkgs",
        "type": "github"
      }
    },
    "root": {
      "inputs": {
        "core": "core",
        "nixpkgs": "nixpkgs"
      }
    }
  },
  "root": "root",
  "version": 7
}
